
Microsoft Visual Studio Solution File, Format Version 12.00
# Visual Studio 15
VisualStudioVersion = 15.0.26124.0
MinimumVisualStudioVersion = 15.0.26124.0
Project("{FAE04EC0-301F-11D3-BF4B-00C04F79EFBC}") = "ROP.WebApi", "ROP.WebApi\ROP.WebApi.csproj", "{C5BD5B53-3A39-4647-82D8-2228C7384046}"
EndProject
Project("{FAE04EC0-301F-11D3-BF4B-00C04F79EFBC}") = "ROP.Models", "ROP.Models\ROP.Models.csproj", "{1DD01275-D308-45B7-A795-6E80C0B6FEFA}"
EndProject
Project("{FAE04EC0-301F-11D3-BF4B-00C04F79EFBC}") = "ROP.Models.Tests", "ROP.Models.Tests\ROP.Models.Tests.csproj", "{F7C11C3A-E46A-4E7E-8E0B-CA4A81E40CB0}"
EndProject
Global
	GlobalSection(SolutionConfigurationPlatforms) = preSolution
		Debug|Any CPU = Debug|Any CPU
		Debug|x64 = Debug|x64
		Debug|x86 = Debug|x86
		Release|Any CPU = Release|Any CPU
		Release|x64 = Release|x64
		Release|x86 = Release|x86
	EndGlobalSection
	GlobalSection(SolutionProperties) = preSolution
		HideSolutionNode = FALSE
	EndGlobalSection
	GlobalSection(ProjectConfigurationPlatforms) = postSolution
		{C5BD5B53-3A39-4647-82D8-2228C7384046}.Debug|Any CPU.ActiveCfg = Debug|Any CPU
		{C5BD5B53-3A39-4647-82D8-2228C7384046}.Debug|Any CPU.Build.0 = Debug|Any CPU
		{C5BD5B53-3A39-4647-82D8-2228C7384046}.Debug|x64.ActiveCfg = Debug|Any CPU
		{C5BD5B53-3A39-4647-82D8-2228C7384046}.Debug|x64.Build.0 = Debug|Any CPU
		{C5BD5B53-3A39-4647-82D8-2228C7384046}.Debug|x86.ActiveCfg = Debug|Any CPU
		{C5BD5B53-3A39-4647-82D8-2228C7384046}.Debug|x86.Build.0 = Debug|Any CPU
		{C5BD5B53-3A39-4647-82D8-2228C7384046}.Release|Any CPU.ActiveCfg = Release|Any CPU
		{C5BD5B53-3A39-4647-82D8-2228C7384046}.Release|Any CPU.Build.0 = Release|Any CPU
		{C5BD5B53-3A39-4647-82D8-2228C7384046}.Release|x64.ActiveCfg = Release|Any CPU
		{C5BD5B53-3A39-4647-82D8-2228C7384046}.Release|x64.Build.0 = Release|Any CPU
		{C5BD5B53-3A39-4647-82D8-2228C7384046}.Release|x86.ActiveCfg = Release|Any CPU
		{C5BD5B53-3A39-4647-82D8-2228C7384046}.Release|x86.Build.0 = Release|Any CPU
		{1DD01275-D308-45B7-A795-6E80C0B6FEFA}.Debug|Any CPU.ActiveCfg = Debug|Any CPU
		{1DD01275-D308-45B7-A795-6E80C0B6FEFA}.Debug|Any CPU.Build.0 = Debug|Any CPU
		{1DD01275-D308-45B7-A795-6E80C0B6FEFA}.Debug|x64.ActiveCfg = Debug|Any CPU
		{1DD01275-D308-45B7-A795-6E80C0B6FEFA}.Debug|x64.Build.0 = Debug|Any CPU
		{1DD01275-D308-45B7-A795-6E80C0B6FEFA}.Debug|x86.ActiveCfg = Debug|Any CPU
		{1DD01275-D308-45B7-A795-6E80C0B6FEFA}.Debug|x86.Build.0 = Debug|Any CPU
		{1DD01275-D308-45B7-A795-6E80C0B6FEFA}.Release|Any CPU.ActiveCfg = Release|Any CPU
		{1DD01275-D308-45B7-A795-6E80C0B6FEFA}.Release|Any CPU.Build.0 = Release|Any CPU
		{1DD01275-D308-45B7-A795-6E80C0B6FEFA}.Release|x64.ActiveCfg = Release|Any CPU
		{1DD01275-D308-45B7-A795-6E80C0B6FEFA}.Release|x64.Build.0 = Release|Any CPU
		{1DD01275-D308-45B7-A795-6E80C0B6FEFA}.Release|x86.ActiveCfg = Release|Any CPU
		{1DD01275-D308-45B7-A795-6E80C0B6FEFA}.Release|x86.Build.0 = Release|Any CPU
		{F7C11C3A-E46A-4E7E-8E0B-CA4A81E40CB0}.Debug|Any CPU.ActiveCfg = Debug|Any CPU
		{F7C11C3A-E46A-4E7E-8E0B-CA4A81E40CB0}.Debug|Any CPU.Build.0 = Debug|Any CPU
		{F7C11C3A-E46A-4E7E-8E0B-CA4A81E40CB0}.Debug|x64.ActiveCfg = Debug|Any CPU
		{F7C11C3A-E46A-4E7E-8E0B-CA4A81E40CB0}.Debug|x64.Build.0 = Debug|Any CPU
		{F7C11C3A-E46A-4E7E-8E0B-CA4A81E40CB0}.Debug|x86.ActiveCfg = Debug|Any CPU
		{F7C11C3A-E46A-4E7E-8E0B-CA4A81E40CB0}.Debug|x86.Build.0 = Debug|Any CPU
		{F7C11C3A-E46A-4E7E-8E0B-CA4A81E40CB0}.Release|Any CPU.ActiveCfg = Release|Any CPU
		{F7C11C3A-E46A-4E7E-8E0B-CA4A81E40CB0}.Release|Any CPU.Build.0 = Release|Any CPU
		{F7C11C3A-E46A-4E7E-8E0B-CA4A81E40CB0}.Release|x64.ActiveCfg = Release|Any CPU
		{F7C11C3A-E46A-4E7E-8E0B-CA4A81E40CB0}.Release|x64.Build.0 = Release|Any CPU
		{F7C11C3A-E46A-4E7E-8E0B-CA4A81E40CB0}.Release|x86.ActiveCfg = Release|Any CPU
		{F7C11C3A-E46A-4E7E-8E0B-CA4A81E40CB0}.Release|x86.Build.0 = Release|Any CPU
	EndGlobalSection
EndGlobal
